PODS:
  - Alamofire (4.9.1)
  - AlamofireImage (3.6.0):
    - Alamofire (~> 4.9)
  - PGFramework (0.2.0):
    - Alamofire
    - AlamofireImage

DEPENDENCIES:
  - PGFramework

SPEC REPOS:
  trunk:
    - Alamofire
    - AlamofireImage
    - PGFramework

SPEC CHECKSUMS:
  Alamofire: 85e8a02c69d6020a0d734f6054870d7ecb75cf18
  AlamofireImage: be9963c6582d68b39e89191f64c82a7d7bf40fdd
  PGFramework: b0820bcb0c6d6b9f921a31cd763105c9f4726858

PODFILE CHECKSUM: c1644167cd4d84c1896b87add1a520fa30573c6f

COCOAPODS: 1.8.4
